
Microsoft Visual Studio Solution File, Format Version 12.00
# Visual Studio Version 17
VisualStudioVersion = 17.11.35327.3
MinimumVisualStudioVersion = 10.0.40219.1
Project("{FAE04EC0-301F-11D3-BF4B-00C04F79EFBC}") = "KeyInputMacro", "KeyInputMacro\KeyInputMacro.csproj", "{BA6ED9DD-0F1C-424A-AF21-8565F78F453E}"
EndProject
Global
	GlobalSection(SolutionConfigurationPlatforms) = preSolution
		Debug|Any CPU = Debug|Any CPU
		Release|Any CPU = Release|Any CPU
	EndGlobalSection
	GlobalSection(ProjectConfigurationPlatforms) = postSolution
		{BA6ED9DD-0F1C-424A-AF21-8565F78F453E}.Debug|Any CPU.ActiveCfg = Debug|Any CPU
		{BA6ED9DD-0F1C-424A-AF21-8565F78F453E}.Debug|Any CPU.Build.0 = Debug|Any CPU
		{BA6ED9DD-0F1C-424A-AF21-8565F78F453E}.Release|Any CPU.ActiveCfg = Release|Any CPU
		{BA6ED9DD-0F1C-424A-AF21-8565F78F453E}.Release|Any CPU.Build.0 = Release|Any CPU
	EndGlobalSection
	GlobalSection(SolutionProperties) = preSolution
		HideSolutionNode = FALSE
	EndGlobalSection
	GlobalSection(ExtensibilityGlobals) = postSolution
		SolutionGuid = {4AC3E37F-3F15-448E-A2DD-1CD183153DFE}
	EndGlobalSection
EndGlobal
